
Microsoft Visual Studio Solution File, Format Version 12.00
# Visual Studio Version 17
VisualStudioVersion = 17.14.36212.18 d17.14
MinimumVisualStudioVersion = 10.0.40219.1
Project("{FAE04EC0-301F-11D3-BF4B-00C04F79EFBC}") = "myapi", "myapi\myapi.csproj", "{BA1AAE76-2068-4BB2-9771-852B66ADEB64}"
EndProject
Global
	GlobalSection(SolutionConfigurationPlatforms) = preSolution
		Debug|Any CPU = Debug|Any CPU
		Release|Any CPU = Release|Any CPU
	EndGlobalSection
	GlobalSection(ProjectConfigurationPlatforms) = postSolution
		{BA1AAE76-2068-4BB2-9771-852B66ADEB64}.Debug|Any CPU.ActiveCfg = Debug|Any CPU
		{BA1AAE76-2068-4BB2-9771-852B66ADEB64}.Debug|Any CPU.Build.0 = Debug|Any CPU
		{BA1AAE76-2068-4BB2-9771-852B66ADEB64}.Release|Any CPU.ActiveCfg = Release|Any CPU
		{BA1AAE76-2068-4BB2-9771-852B66ADEB64}.Release|Any CPU.Build.0 = Release|Any CPU
	EndGlobalSection
	GlobalSection(SolutionProperties) = preSolution
		HideSolutionNode = FALSE
	EndGlobalSection
	GlobalSection(ExtensibilityGlobals) = postSolution
		SolutionGuid = {EDA3D9D8-5DB7-4FEA-8CA1-EDFA3A1CFAE0}
	EndGlobalSection
EndGlobal
